# This file is generated by running "yarn install" inside your project.
# Manual changes might be lost - proceed with caution!

__metadata:
  version: 8
  cacheKey: 10

"@cspotcode/source-map-consumer@npm:0.8.0":
  version: 0.8.0
  resolution: "@cspotcode/source-map-consumer@npm:0.8.0"
  checksum: 10/dfe1399712e4d54e1d53b0c7782f929647ff8675c37ae7637ce2ffdbcc8bad06fea969bcbec6147e7ea70a89257cfc86695a3702c1946a1c334454480937b966
  languageName: node
  linkType: hard

"@cspotcode/source-map-support@npm:0.7.0":
  version: 0.7.0
  resolution: "@cspotcode/source-map-support@npm:0.7.0"
  dependencies:
    "@cspotcode/source-map-consumer": "npm:0.8.0"
  checksum: 10/d58b31640c4b1438c0caf8ed7eb46647674c042a625919660d9fb2d76f3621875520082934bae88ef54a75d53e8f9cafb506160bb02403a19e7155aa5f4ac59b
  languageName: node
  linkType: hard

"@tootallnate/once@npm:2":
  version: 2.0.0
  resolution: "@tootallnate/once@npm:2.0.0"
  checksum: 10/ad87447820dd3f24825d2d947ebc03072b20a42bfc96cbafec16bff8bbda6c1a81fcb0be56d5b21968560c5359a0af4038a68ba150c3e1694fe4c109a063bed8
  languageName: node
  linkType: hard

"@tsconfig/node10@npm:^1.0.7":
  version: 1.0.8
  resolution: "@tsconfig/node10@npm:1.0.8"
  checksum: 10/b8d5fffbc6b17ef64ef74f7fdbccee02a809a063ade785c3648dae59406bc207f70ea2c4296f92749b33019fa36a5ae716e42e49cc7f1bbf0fd147be0d6b970a
  languageName: node
  linkType: hard

"@tsconfig/node12@npm:^1.0.7":
  version: 1.0.9
  resolution: "@tsconfig/node12@npm:1.0.9"
  checksum: 10/a01b2400ab3582b86b589c6d31dcd0c0656f333adecde85d6d7d4086adb059808b82692380bb169546d189bf771ae21d02544a75b57bd6da4a5dd95f8567bec9
  languageName: node
  linkType: hard

"@tsconfig/node14@npm:^1.0.0":
  version: 1.0.1
  resolution: "@tsconfig/node14@npm:1.0.1"
  checksum: 10/976345e896c0f059867f94f8d0f6ddb8b1844fb62bf36b727de8a9a68f024857e5db97ed51d3325e23e0616a5e48c034ff51a8d595b3fe7e955f3587540489be
  languageName: node
  linkType: hard

"@tsconfig/node16@npm:^1.0.2":
  version: 1.0.2
  resolution: "@tsconfig/node16@npm:1.0.2"
  checksum: 10/ca94d3639714672bbfd55f03521d3f56bb6a25479bd425da81faf21f13e1e9d15f40f97377dedbbf477a5841c5b0c8f4cd1b391f33553d750b9202c54c2c07aa
  languageName: node
  linkType: hard

"@types/command-line-args@npm:^5.2.0":
  version: 5.2.0
  resolution: "@types/command-line-args@npm:5.2.0"
  checksum: 10/423121d2d083765f5b78d090115f3be82d53a39cec9de63719cbd07021e6330fab19b75e2290af1f7dda84efd7964dc498eb10b2b465991de27045db95aa1eef
  languageName: node
  linkType: hard

"@types/command-line-usage@npm:^5.0.2":
  version: 5.0.2
  resolution: "@types/command-line-usage@npm:5.0.2"
  checksum: 10/9c0eabf5e86a405d118dcfb5f4bceae43080efe603a0f240664716a05283dcb389e94e999188d12b10a0aa4452a920445131f1011e7484403f146607cd2577f0
  languageName: node
  linkType: hard

"@types/jsdom@npm:^16.2.14":
  version: 16.2.14
  resolution: "@types/jsdom@npm:16.2.14"
  dependencies:
    "@types/node": "npm:*"
    "@types/parse5": "npm:*"
    "@types/tough-cookie": "npm:*"
  checksum: 10/d44ac371890c1e6cfdea98babc6f06b4d899b37416f6fb967dc19a12d9127a037eefedc13120a0abedf0aaf4277e6819637abbf102dca14871c7422c837651c4
  languageName: node
  linkType: hard

"@types/node@npm:*, @types/node@npm:^17.0.21":
  version: 17.0.21
  resolution: "@types/node@npm:17.0.21"
  checksum: 10/2beae12b0240834801d45d1f6afec1905325054ba0768ba8fa60144eea62ac3751cb2b787a32795c1611a870b2cb4bf4d58caf21f20b126b2bb2454fe6e2437c
  languageName: node
  linkType: hard

"@types/parse5@npm:*":
  version: 6.0.3
  resolution: "@types/parse5@npm:6.0.3"
  checksum: 10/834d40c9b1a8a99a9574b0b3f6629cf48adcff2eda01a35d701f1de5dcf46ce24223684647890aba9f985d6c801b233f878168683de0ae425940403c383fba8f
  languageName: node
  linkType: hard

"@types/qs@npm:^6.9.7":
  version: 6.9.7
  resolution: "@types/qs@npm:6.9.7"
  checksum: 10/7fd6f9c25053e9b5bb6bc9f9f76c1d89e6c04f7707a7ba0e44cc01f17ef5284adb82f230f542c2d5557d69407c9a40f0f3515e8319afd14e1e16b5543ac6cdba
  languageName: node
  linkType: hard

"@types/tough-cookie@npm:*":
  version: 4.0.1
  resolution: "@types/tough-cookie@npm:4.0.1"
  checksum: 10/795178f8ba0155ff7f7449101c0cb2f38922b9981c504baa8b132defd98c189dd8d17a861e8123c4430423e8b71e1380735a69111e55611461a22e8ba2657415
  languageName: node
  linkType: hard

"@types/yauzl@npm:^2.9.1":
  version: 2.9.2
  resolution: "@types/yauzl@npm:2.9.2"
  dependencies:
    "@types/node": "npm:*"
  checksum: 10/dfb49abe82605615712fc694eaa4f7068fe30aa03f38c085e2c2e74408beaad30471d36da9654a811482ece2ea4405575fd99b19c0aa327ed2a9736b554bbf43
  languageName: node
  linkType: hard

"abab@npm:^2.0.3, abab@npm:^2.0.5":
  version: 2.0.5
  resolution: "abab@npm:2.0.5"
  checksum: 10/92deff85d54efe307bbe2ea824741f6ef429181751968e3eb55279be6072b3ffaa2100978eb72a9f55c1220f7117c65651e37f2631ea1e25a763e5e687800706
  languageName: node
  linkType: hard

"acorn-globals@npm:^6.0.0":
  version: 6.0.0
  resolution: "acorn-globals@npm:6.0.0"
  dependencies:
    acorn: "npm:^7.1.1"
    acorn-walk: "npm:^7.1.1"
  checksum: 10/72d95e5b5e585f9acd019b993ab8bbba68bb3cbc9d9b5c1ebb3c2f1fe5981f11deababfb4949f48e6262f9c57878837f5958c0cca396f81023814680ca878042
  languageName: node
  linkType: hard

"acorn-walk@npm:^7.1.1":
  version: 7.2.0
  resolution: "acorn-walk@npm:7.2.0"
  checksum: 10/4d3e186f729474aed3bc3d0df44692f2010c726582655b20a23347bef650867655521c48ada444cb4fda241ee713dcb792da363ec74c6282fa884fb7144171bb
  languageName: node
  linkType: hard

"acorn-walk@npm:^8.1.1":
  version: 8.2.0
  resolution: "acorn-walk@npm:8.2.0"
  checksum: 10/e69f7234f2adfeb16db3671429a7c80894105bd7534cb2032acf01bb26e6a847952d11a062d071420b43f8d82e33d2e57f26fe87d9cce0853e8143d8910ff1de
  languageName: node
  linkType: hard

"acorn@npm:^7.1.1":
  version: 7.4.1
  resolution: "acorn@npm:7.4.1"
  bin:
    acorn: bin/acorn
  checksum: 10/8be2a40714756d713dfb62544128adce3b7102c6eb94bc312af196c2cc4af76e5b93079bd66b05e9ca31b35a9b0ce12171d16bc55f366cafdb794fdab9d753ec
  languageName: node
  linkType: hard

"acorn@npm:^8.4.1, acorn@npm:^8.5.0":
  version: 8.7.0
  resolution: "acorn@npm:8.7.0"
  bin:
    acorn: bin/acorn
  checksum: 10/0c437f0beffd4309a8ee327cecdc555e50a3d8e30534d079b1eba81ea6bd64c15119e7974a8f077eac4bd1c0dd122196ef08d3ee60b2efd7fee00e18e9a46b7d
  languageName: node
  linkType: hard

"agent-base@npm:6, agent-base@npm:^6.0.2":
  version: 6.0.2
  resolution: "agent-base@npm:6.0.2"
  dependencies:
    debug: "npm:4"
  checksum: 10/21fb903e0917e5cb16591b4d0ef6a028a54b83ac30cd1fca58dece3d4e0990512a8723f9f83130d88a41e2af8b1f7be1386fda3ea2d181bb1a62155e75e95e23
  languageName: node
  linkType: hard

"ansi-styles@npm:^3.2.1":
  version: 3.2.1
  resolution: "ansi-styles@npm:3.2.1"
  dependencies:
    color-convert: "npm:^1.9.0"
  checksum: 10/d85ade01c10e5dd77b6c89f34ed7531da5830d2cb5882c645f330079975b716438cd7ebb81d0d6e6b4f9c577f19ae41ab55f07f19786b02f9dfd9e0377395665
  languageName: node
  linkType: hard

"arg@npm:^4.1.0":
  version: 4.1.3
  resolution: "arg@npm:4.1.3"
  checksum: 10/969b491082f20cad166649fa4d2073ea9e974a4e5ac36247ca23d2e5a8b3cb12d60e9ff70a8acfe26d76566c71fd351ee5e6a9a6595157eb36f92b1fd64e1599
  languageName: node
  linkType: hard

"array-back@npm:^3.0.1, array-back@npm:^3.1.0":
  version: 3.1.0
  resolution: "array-back@npm:3.1.0"
  checksum: 10/7205004fcd0f9edd926db921af901b083094608d5b265738d0290092f9822f73accb468e677db74c7c94ef432d39e5ed75a7b1786701e182efb25bbba9734209
  languageName: node
  linkType: hard

"array-back@npm:^4.0.1":
  version: 4.0.2
  resolution: "array-back@npm:4.0.2"
  checksum: 10/f30603270771eeb54e5aad5f54604c62b3577a18b6db212a7272b2b6c32049121b49431f656654790ed1469411e45f387e7627c0de8fd0515995cc40df9b9294
  languageName: node
  linkType: hard

"asynckit@npm:^0.4.0":
  version: 0.4.0
  resolution: "asynckit@npm:0.4.0"
  checksum: 10/3ce727cbc78f69d6a4722517a58ee926c8c21083633b1d3fdf66fd688f6c127a53a592141bd4866f9b63240a86e9d8e974b13919450bd17fa33c2d22c4558ad8
  languageName: node
  linkType: hard

"axios@npm:^0.26.0":
  version: 0.26.0
  resolution: "axios@npm:0.26.0"
  dependencies:
    follow-redirects: "npm:^1.14.8"
  checksum: 10/386cd8770c697468c65c002d70d9469a5bb6127f801d484b3439fb9bc85684b9702c88251cfa9a522ceb6c4452027347051a24b9063d809fe174fe20fd23319f
  languageName: node
  linkType: hard

"balanced-match@npm:^1.0.0":
  version: 1.0.2
  resolution: "balanced-match@npm:1.0.2"
  checksum: 10/9706c088a283058a8a99e0bf91b0a2f75497f185980d9ffa8b304de1d9e58ebda7c72c07ebf01dadedaac5b2907b2c6f566f660d62bd336c3468e960403b9d65
  languageName: node
  linkType: hard

"brace-expansion@npm:^1.1.7":
  version: 1.1.11
  resolution: "brace-expansion@npm:1.1.11"
  dependencies:
    balanced-match: "npm:^1.0.0"
    concat-map: "npm:0.0.1"
  checksum: 10/faf34a7bb0c3fcf4b59c7808bc5d2a96a40988addf2e7e09dfbb67a2251800e0d14cd2bfc1aa79174f2f5095c54ff27f46fb1289fe2d77dac755b5eb3434cc07
  languageName: node
  linkType: hard

"browser-process-hrtime@npm:^1.0.0":
  version: 1.0.0
  resolution: "browser-process-hrtime@npm:1.0.0"
  checksum: 10/e30f868cdb770b1201afb714ad1575dd86366b6e861900884665fb627109b3cc757c40067d3bfee1ff2a29c835257ea30725a8018a9afd02ac1c24b408b1e45f
  languageName: node
  linkType: hard

"buffer-crc32@npm:~0.2.3":
  version: 0.2.13
  resolution: "buffer-crc32@npm:0.2.13"
  checksum: 10/06252347ae6daca3453b94e4b2f1d3754a3b146a111d81c68924c22d91889a40623264e95e67955b1cb4a68cbedf317abeabb5140a9766ed248973096db5ce1c
  languageName: node
  linkType: hard

"call-bind@npm:^1.0.0":
  version: 1.0.2
  resolution: "call-bind@npm:1.0.2"
  dependencies:
    function-bind: "npm:^1.1.1"
    get-intrinsic: "npm:^1.0.2"
  checksum: 10/ca787179c1cbe09e1697b56ad499fd05dc0ae6febe5081d728176ade699ea6b1589240cb1ff1fe11fcf9f61538c1af60ad37e8eb2ceb4ef21cd6085dfd3ccedd
  languageName: node
  linkType: hard

"chalk@npm:^2.4.2":
  version: 2.4.2
  resolution: "chalk@npm:2.4.2"
  dependencies:
    ansi-styles: "npm:^3.2.1"
    escape-string-regexp: "npm:^1.0.5"
    supports-color: "npm:^5.3.0"
  checksum: 10/3d1d103433166f6bfe82ac75724951b33769675252d8417317363ef9d54699b7c3b2d46671b772b893a8e50c3ece70c4b933c73c01e81bc60ea4df9b55afa303
  languageName: node
  linkType: hard

"color-convert@npm:^1.9.0":
  version: 1.9.3
  resolution: "color-convert@npm:1.9.3"
  dependencies:
    color-name: "npm:1.1.3"
  checksum: 10/ffa319025045f2973919d155f25e7c00d08836b6b33ea2d205418c59bd63a665d713c52d9737a9e0fe467fb194b40fbef1d849bae80d674568ee220a31ef3d10
  languageName: node
  linkType: hard

"color-name@npm:1.1.3":
  version: 1.1.3
  resolution: "color-name@npm:1.1.3"
  checksum: 10/09c5d3e33d2105850153b14466501f2bfb30324a2f76568a408763a3b7433b0e50e5b4ab1947868e65cb101bb7cb75029553f2c333b6d4b8138a73fcc133d69d
  languageName: node
  linkType: hard

"combined-stream@npm:^1.0.8":
  version: 1.0.8
  resolution: "combined-stream@npm:1.0.8"
  dependencies:
    delayed-stream: "npm:~1.0.0"
  checksum: 10/2e969e637d05d09fa50b02d74c83a1186f6914aae89e6653b62595cc75a221464f884f55f231b8f4df7a49537fba60bdc0427acd2bf324c09a1dbb84837e36e4
  languageName: node
  linkType: hard

"command-line-args@npm:^5.2.1":
  version: 5.2.1
  resolution: "command-line-args@npm:5.2.1"
  dependencies:
    array-back: "npm:^3.1.0"
    find-replace: "npm:^3.0.0"
    lodash.camelcase: "npm:^4.3.0"
    typical: "npm:^4.0.0"
  checksum: 10/e6a42652ae8843fbb56e2fba1e85da00a16a0482896bb1849092e1bc70b8bf353d945e69732bf4ae98370ff84e8910ff4933af8f2f747806a6b2cb5074799fdb
  languageName: node
  linkType: hard

"command-line-usage@npm:^6.1.1":
  version: 6.1.1
  resolution: "command-line-usage@npm:6.1.1"
  dependencies:
    array-back: "npm:^4.0.1"
    chalk: "npm:^2.4.2"
    table-layout: "npm:^1.0.1"
    typical: "npm:^5.2.0"
  checksum: 10/e7d79f78c656250b29720dbe07c32e4a5f31d38fed97d105b0ac4b44a7d33b0f5cbf9bd63996f745cc6f000449e544d62ef1d4fc420a208470c4d9312ab9be7d
  languageName: node
  linkType: hard

"commander@npm:8.3.0":
  version: 8.3.0
  resolution: "commander@npm:8.3.0"
  checksum: 10/6b7b5d334483ce24bd73c5dac2eab901a7dbb25fd983ea24a1eeac6e7166bb1967f641546e8abf1920afbde86a45fbfe5812fbc69d0dc451bb45ca416a12a3a3
  languageName: node
  linkType: hard

"concat-map@npm:0.0.1":
  version: 0.0.1
  resolution: "concat-map@npm:0.0.1"
  checksum: 10/9680699c8e2b3af0ae22592cb764acaf973f292a7b71b8a06720233011853a58e256c89216a10cbe889727532fd77f8bcd49a760cedfde271b8e006c20e079f2
  languageName: node
  linkType: hard

"create-require@npm:^1.1.0":
  version: 1.1.1
  resolution: "create-require@npm:1.1.1"
  checksum: 10/a9a1503d4390d8b59ad86f4607de7870b39cad43d929813599a23714831e81c520bddf61bcdd1f8e30f05fd3a2b71ae8538e946eb2786dc65c2bbc520f692eff
  languageName: node
  linkType: hard

"cssom@npm:^0.5.0":
  version: 0.5.0
  resolution: "cssom@npm:0.5.0"
  checksum: 10/b502a315b1ce020a692036cc38cb36afa44157219b80deadfa040ab800aa9321fcfbecf02fd2e6ec87db169715e27978b4ab3701f916461e9cf7808899f23b54
  languageName: node
  linkType: hard

"cssom@npm:~0.3.6":
  version: 0.3.8
  resolution: "cssom@npm:0.3.8"
  checksum: 10/49eacc88077555e419646c0ea84ddc73c97e3a346ad7cb95e22f9413a9722d8964b91d781ce21d378bd5ae058af9a745402383fa4e35e9cdfd19654b63f892a9
  languageName: node
  linkType: hard

"cssstyle@npm:^2.3.0":
  version: 2.3.0
  resolution: "cssstyle@npm:2.3.0"
  dependencies:
    cssom: "npm:~0.3.6"
  checksum: 10/46f7f05a153446c4018b0454ee1464b50f606cb1803c90d203524834b7438eb52f3b173ba0891c618f380ced34ee12020675dc0052a7f1be755fe4ebc27ee977
  languageName: node
  linkType: hard

"data-urls@npm:^3.0.1":
  version: 3.0.1
  resolution: "data-urls@npm:3.0.1"
  dependencies:
    abab: "npm:^2.0.3"
    whatwg-mimetype: "npm:^3.0.0"
    whatwg-url: "npm:^10.0.0"
  checksum: 10/00c71280d5d8146a2f19f3fce3ce59c3b860c66cd584f4e7db8764477a9c97966fa06543c9d9d28b762784f50e21c2e2ccb2d0be24b392ec82eb21daf7804b3e
  languageName: node
  linkType: hard

"debug@npm:4, debug@npm:4.3.3, debug@npm:^4.1.1, debug@npm:^4.3.1":
  version: 4.3.3
  resolution: "debug@npm:4.3.3"
  dependencies:
    ms: "npm:2.1.2"
  peerDependenciesMeta:
    supports-color:
      optional: true
  checksum: 10/723a9570dcd15d146ea4992f0dca12467d1b00f534abb42473df166d36826fcae8bab045aef59ac2f407b47a23266110bc0e646df8ac82f7800c11384f82050e
  languageName: node
  linkType: hard

"decimal.js@npm:^10.3.1":
  version: 10.3.1
  resolution: "decimal.js@npm:10.3.1"
  checksum: 10/35705575504bf3f2003d77e572afd338f28e1f964a86e8844d9a024c88d5b88dd89e595870c529931e63405e8f44a881043610e16aece4da2550c3784ef6c658
  languageName: node
  linkType: hard

"deep-extend@npm:~0.6.0":
  version: 0.6.0
  resolution: "deep-extend@npm:0.6.0"
  checksum: 10/7be7e5a8d468d6b10e6a67c3de828f55001b6eb515d014f7aeb9066ce36bd5717161eb47d6a0f7bed8a9083935b465bc163ee2581c8b128d29bf61092fdf57a7
  languageName: node
  linkType: hard

"deep-is@npm:~0.1.3":
  version: 0.1.4
  resolution: "deep-is@npm:0.1.4"
  checksum: 10/ec12d074aef5ae5e81fa470b9317c313142c9e8e2afe3f8efa124db309720db96d1d222b82b84c834e5f87e7a614b44a4684b6683583118b87c833b3be40d4d8
  languageName: node
  linkType: hard

"delayed-stream@npm:~1.0.0":
  version: 1.0.0
  resolution: "delayed-stream@npm:1.0.0"
  checksum: 10/46fe6e83e2cb1d85ba50bd52803c68be9bd953282fa7096f51fc29edd5d67ff84ff753c51966061e5ba7cb5e47ef6d36a91924eddb7f3f3483b1c560f77a0020
  languageName: node
  linkType: hard

"diff@npm:^4.0.1":
  version: 4.0.2
  resolution: "diff@npm:4.0.2"
  checksum: 10/ec09ec2101934ca5966355a229d77afcad5911c92e2a77413efda5455636c4cf2ce84057e2d7715227a2eeeda04255b849bd3ae3a4dd22eb22e86e76456df069
  languageName: node
  linkType: hard

"domexception@npm:^4.0.0":
  version: 4.0.0
  resolution: "domexception@npm:4.0.0"
  dependencies:
    webidl-conversions: "npm:^7.0.0"
  checksum: 10/4ed443227d2871d76c58d852b2e93c68e0443815b2741348f20881bedee8c1ad4f9bfc5d30c7dec433cd026b57da63407c010260b1682fef4c8847e7181ea43f
  languageName: node
  linkType: hard

"end-of-stream@npm:^1.1.0":
  version: 1.4.4
  resolution: "end-of-stream@npm:1.4.4"
  dependencies:
    once: "npm:^1.4.0"
  checksum: 10/530a5a5a1e517e962854a31693dbb5c0b2fc40b46dad2a56a2deec656ca040631124f4795823acc68238147805f8b021abbe221f4afed5ef3c8e8efc2024908b
  languageName: node
  linkType: hard

"escape-string-regexp@npm:^1.0.5":
  version: 1.0.5
  resolution: "escape-string-regexp@npm:1.0.5"
  checksum: 10/6092fda75c63b110c706b6a9bfde8a612ad595b628f0bd2147eea1d3406723020810e591effc7db1da91d80a71a737a313567c5abb3813e8d9c71f4aa595b410
  languageName: node
  linkType: hard

"escape-string-regexp@npm:^2.0.0":
  version: 2.0.0
  resolution: "escape-string-regexp@npm:2.0.0"
  checksum: 10/9f8a2d5743677c16e85c810e3024d54f0c8dea6424fad3c79ef6666e81dd0846f7437f5e729dfcdac8981bc9e5294c39b4580814d114076b8d36318f46ae4395
  languageName: node
  linkType: hard

"escodegen@npm:^2.0.0":
  version: 2.0.0
  resolution: "escodegen@npm:2.0.0"
  dependencies:
    esprima: "npm:^4.0.1"
    estraverse: "npm:^5.2.0"
    esutils: "npm:^2.0.2"
    optionator: "npm:^0.8.1"
    source-map: "npm:~0.6.1"
  dependenciesMeta:
    source-map:
      optional: true
  bin:
    escodegen: bin/escodegen.js
    esgenerate: bin/esgenerate.js
  checksum: 10/0f7e404b19b14047dd12b62b2267ba9b68fff02be0d40d71fdcc27dfdd664720e1afae34680892b8a34cdd9280b7b4f81c02f7c7597a8eda0c6d2b4c2b7d07f0
  languageName: node
  linkType: hard

"esprima@npm:^4.0.1":
  version: 4.0.1
  resolution: "esprima@npm:4.0.1"
  bin:
    esparse: ./bin/esparse.js
    esvalidate: ./bin/esvalidate.js
  checksum: 10/f1d3c622ad992421362294f7acf866aa9409fbad4eb2e8fa230bd33944ce371d32279667b242d8b8907ec2b6ad7353a717f3c0e60e748873a34a7905174bc0eb
  languageName: node
  linkType: hard

"estraverse@npm:^5.2.0":
  version: 5.3.0
  resolution: "estraverse@npm:5.3.0"
  checksum: 10/37cbe6e9a68014d34dbdc039f90d0baf72436809d02edffcc06ba3c2a12eb298048f877511353b130153e532aac8d68ba78430c0dd2f44806ebc7c014b01585e
  languageName: node
  linkType: hard

"esutils@npm:^2.0.2":
  version: 2.0.3
  resolution: "esutils@npm:2.0.3"
  checksum: 10/b23acd24791db11d8f65be5ea58fd9a6ce2df5120ae2da65c16cfc5331ff59d5ac4ef50af66cd4bde238881503ec839928a0135b99a036a9cdfa22d17fd56cdb
  languageName: node
  linkType: hard

"extract-zip@npm:2.0.1":
  version: 2.0.1
  resolution: "extract-zip@npm:2.0.1"
  dependencies:
    "@types/yauzl": "npm:^2.9.1"
    debug: "npm:^4.1.1"
    get-stream: "npm:^5.1.0"
    yauzl: "npm:^2.10.0"
  dependenciesMeta:
    "@types/yauzl":
      optional: true
  bin:
    extract-zip: cli.js
  checksum: 10/8cbda9debdd6d6980819cc69734d874ddd71051c9fe5bde1ef307ebcedfe949ba57b004894b585f758b7c9eeeea0e3d87f2dda89b7d25320459c2c9643ebb635
  languageName: node
  linkType: hard

"fast-levenshtein@npm:~2.0.6":
  version: 2.0.6
  resolution: "fast-levenshtein@npm:2.0.6"
  checksum: 10/eb7e220ecf2bab5159d157350b81d01f75726a4382f5a9266f42b9150c4523b9795f7f5d9fbbbeaeac09a441b2369f05ee02db48ea938584205530fe5693cfe1
  languageName: node
  linkType: hard

"fd-slicer@npm:~1.1.0":
  version: 1.1.0
  resolution: "fd-slicer@npm:1.1.0"
  dependencies:
    pend: "npm:~1.2.0"
  checksum: 10/db3e34fa483b5873b73f248e818f8a8b59a6427fd8b1436cd439c195fdf11e8659419404826059a642b57d18075c856d06d6a50a1413b714f12f833a9341ead3
  languageName: node
  linkType: hard

"find-replace@npm:^3.0.0":
  version: 3.0.0
  resolution: "find-replace@npm:3.0.0"
  dependencies:
    array-back: "npm:^3.0.1"
  checksum: 10/6b04bcfd79027f5b84aa1dfe100e3295da989bdac4b4de6b277f4d063e78f5c9e92ebc8a1fec6dd3b448c924ba404ee051cc759e14a3ee3e825fa1361025df08
  languageName: node
  linkType: hard

"follow-redirects@npm:^1.14.8":
  version: 1.14.9
  resolution: "follow-redirects@npm:1.14.9"
  peerDependenciesMeta:
    debug:
      optional: true
  checksum: 10/01aee154da6f46cc37c115600d4b49c2a0b5a2e516418c176642463b63157769d3b91778c7b552fb01f94eb53618c1da0af81e66b5b7c8a2223f8e204eadc9ea
  languageName: node
  linkType: hard

"ford@workspace:.":
  version: 0.0.0-use.local
  resolution: "ford@workspace:."
  dependencies:
    "@types/command-line-args": "npm:^5.2.0"
    "@types/command-line-usage": "npm:^5.0.2"
    "@types/jsdom": "npm:^16.2.14"
    "@types/node": "npm:^17.0.21"
    "@types/qs": "npm:^6.9.7"
    axios: "npm:^0.26.0"
    command-line-args: "npm:^5.2.1"
    command-line-usage: "npm:^6.1.1"
    jsdom: "npm:^19.0.0"
    playwright: "npm:^1.19.2"
    prettier: "npm:^2.5.1"
    qs: "npm:^6.10.3"
    ts-node: "npm:^10.7.0"
    typescript: "npm:^4.6.2"
  languageName: unknown
  linkType: soft

"form-data@npm:^4.0.0":
  version: 4.0.0
  resolution: "form-data@npm:4.0.0"
  dependencies:
    asynckit: "npm:^0.4.0"
    combined-stream: "npm:^1.0.8"
    mime-types: "npm:^2.1.12"
  checksum: 10/7264aa760a8cf09482816d8300f1b6e2423de1b02bba612a136857413fdc96d7178298ced106817655facc6b89036c6e12ae31c9eb5bdc16aabf502ae8a5d805
  languageName: node
  linkType: hard

"fs.realpath@npm:^1.0.0":
  version: 1.0.0
  resolution: "fs.realpath@npm:1.0.0"
  checksum: 10/e703107c28e362d8d7b910bbcbfd371e640a3bb45ae157a362b5952c0030c0b6d4981140ec319b347bce7adc025dd7813da1ff908a945ac214d64f5402a51b96
  languageName: node
  linkType: hard

"function-bind@npm:^1.1.1":
  version: 1.1.1
  resolution: "function-bind@npm:1.1.1"
  checksum: 10/d83f2968030678f0b8c3f2183d63dcd969344eb8b55b4eb826a94ccac6de8b87c95bebffda37a6386c74f152284eb02956ff2c496897f35d32bdc2628ac68ac5
  languageName: node
  linkType: hard

"get-intrinsic@npm:^1.0.2":
  version: 1.1.1
  resolution: "get-intrinsic@npm:1.1.1"
  dependencies:
    function-bind: "npm:^1.1.1"
    has: "npm:^1.0.3"
    has-symbols: "npm:^1.0.1"
  checksum: 10/7143f5407b000473f4b62717a79628dc151aa622eadac682da0ea3d377fc45839b3ea203d0956d72f6cc8c1f6ae0dcd47fb4bd970647ba5234f9e11679f86cb5
  languageName: node
  linkType: hard

"get-stream@npm:^5.1.0":
  version: 5.2.0
  resolution: "get-stream@npm:5.2.0"
  dependencies:
    pump: "npm:^3.0.0"
  checksum: 10/13a73148dca795e41421013da6e3ebff8ccb7fba4d2f023fd0c6da2c166ec4e789bec9774a73a7b49c08daf2cae552f8a3e914042ac23b5f59dd278cc8f9cbfb
  languageName: node
  linkType: hard

"glob@npm:^7.1.3":
  version: 7.2.0
  resolution: "glob@npm:7.2.0"
  dependencies:
    fs.realpath: "npm:^1.0.0"
    inflight: "npm:^1.0.4"
    inherits: "npm:2"
    minimatch: "npm:^3.0.4"
    once: "npm:^1.3.0"
    path-is-absolute: "npm:^1.0.0"
  checksum: 10/bc78b6ea0735b6e23d20678aba4ae6a4760e8c9527e3c4683ac25b14e70f55f9531245dcf25959b70cbc4aa3dcce1fc37ab65fd026a4cbd70aa3a44880bd396b
  languageName: node
  linkType: hard

"graceful-fs@npm:^4.2.4":
  version: 4.2.9
  resolution: "graceful-fs@npm:4.2.9"
  checksum: 10/4bcf2de4f1108a928dd64d5e894b833cba634b2e82729c0e57f327d384bf15098e4706639f3045e587e845afed06bae52e70916f74a42db5a56e9ca44f6c2fd1
  languageName: node
  linkType: hard

"has-flag@npm:^3.0.0":
  version: 3.0.0
  resolution: "has-flag@npm:3.0.0"
  checksum: 10/4a15638b454bf086c8148979aae044dd6e39d63904cd452d970374fa6a87623423da485dfb814e7be882e05c096a7ccf1ebd48e7e7501d0208d8384ff4dea73b
  languageName: node
  linkType: hard

"has-symbols@npm:^1.0.1":
  version: 1.0.3
  resolution: "has-symbols@npm:1.0.3"
  checksum: 10/464f97a8202a7690dadd026e6d73b1ceeddd60fe6acfd06151106f050303eaa75855aaa94969df8015c11ff7c505f196114d22f7386b4a471038da5874cf5e9b
  languageName: node
  linkType: hard

"has@npm:^1.0.3":
  version: 1.0.3
  resolution: "has@npm:1.0.3"
  dependencies:
    function-bind: "npm:^1.1.1"
  checksum: 10/a449f3185b1d165026e8d25f6a8c3390bd25c201ff4b8c1aaf948fc6a5fcfd6507310b8c00c13a3325795ea9791fcc3d79d61eafa313b5750438fc19183df57b
  languageName: node
  linkType: hard

"html-encoding-sniffer@npm:^3.0.0":
  version: 3.0.0
  resolution: "html-encoding-sniffer@npm:3.0.0"
  dependencies:
    whatwg-encoding: "npm:^2.0.0"
  checksum: 10/707a812ec2acaf8bb5614c8618dc81e2fb6b4399d03e95ff18b65679989a072f4e919b9bef472039301a1bbfba64063ba4c79ea6e851c653ac9db80dbefe8fe5
  languageName: node
  linkType: hard

"http-proxy-agent@npm:^5.0.0":
  version: 5.0.0
  resolution: "http-proxy-agent@npm:5.0.0"
  dependencies:
    "@tootallnate/once": "npm:2"
    agent-base: "npm:6"
    debug: "npm:4"
  checksum: 10/5ee19423bc3e0fd5f23ce991b0755699ad2a46a440ce9cec99e8126bb98448ad3479d2c0ea54be5519db5b19a4ffaa69616bac01540db18506dd4dac3dc418f0
  languageName: node
  linkType: hard

"https-proxy-agent@npm:5.0.0, https-proxy-agent@npm:^5.0.0":
  version: 5.0.0
  resolution: "https-proxy-agent@npm:5.0.0"
  dependencies:
    agent-base: "npm:6"
    debug: "npm:4"
  checksum: 10/517037badcbbe30757a9a88aaf5e8c198d31aa0b1e9c0a49a0053ab8e812809242218cc9ea1929171f74d95ae1ec89782ba471ffc3709b8910e91d1761f5f1a6
  languageName: node
  linkType: hard

"iconv-lite@npm:0.6.3":
  version: 0.6.3
  resolution: "iconv-lite@npm:0.6.3"
  dependencies:
    safer-buffer: "npm:>= 2.1.2 < 3.0.0"
  checksum: 10/24e3292dd3dadaa81d065c6f8c41b274a47098150d444b96e5f53b4638a9a71482921ea6a91a1f59bb71d9796de25e04afd05919fa64c360347ba65d3766f10f
  languageName: node
  linkType: hard

"inflight@npm:^1.0.4":
  version: 1.0.6
  resolution: "inflight@npm:1.0.6"
  dependencies:
    once: "npm:^1.3.0"
    wrappy: "npm:1"
  checksum: 10/d2ebd65441a38c8336c223d1b80b921b9fa737e37ea466fd7e253cb000c64ae1f17fa59e68130ef5bda92cfd8d36b83d37dab0eb0a4558bcfec8e8cdfd2dcb67
  languageName: node
  linkType: hard

"inherits@npm:2":
  version: 2.0.4
  resolution: "inherits@npm:2.0.4"
  checksum: 10/cd45e923bee15186c07fa4c89db0aace24824c482fb887b528304694b2aa6ff8a898da8657046a5dcf3e46cd6db6c61629551f9215f208d7c3f157cf9b290521
  languageName: node
  linkType: hard

"ip@npm:^1.1.5":
  version: 1.1.5
  resolution: "ip@npm:1.1.5"
  checksum: 10/40a00572cf06b53f4c7b7fe6270a8427ef4c6c0820a380f9f1eb48a323eb09c7dbd16245b472cf5a2d083911d0deae4d712b6e6c88b346fa274e8ce07756a7d6
  languageName: node
  linkType: hard

"is-potential-custom-element-name@npm:^1.0.1":
  version: 1.0.1
  resolution: "is-potential-custom-element-name@npm:1.0.1"
  checksum: 10/ced7bbbb6433a5b684af581872afe0e1767e2d1146b2207ca0068a648fb5cab9d898495d1ac0583524faaf24ca98176a7d9876363097c2d14fee6dd324f3a1ab
  languageName: node
  linkType: hard

"jpeg-js@npm:0.4.3":
  version: 0.4.3
  resolution: "jpeg-js@npm:0.4.3"
  checksum: 10/9320703802cc4f1c39c8078616bfa8bf038de89be96aaec0441401a60401ef944c3a610cb0360f4b3ff97e11cb904e607807de0ddf507200d4940daf89bcad46
  languageName: node
  linkType: hard

"jsdom@npm:^19.0.0":
  version: 19.0.0
  resolution: "jsdom@npm:19.0.0"
  dependencies:
    abab: "npm:^2.0.5"
    acorn: "npm:^8.5.0"
    acorn-globals: "npm:^6.0.0"
    cssom: "npm:^0.5.0"
    cssstyle: "npm:^2.3.0"
    data-urls: "npm:^3.0.1"
    decimal.js: "npm:^10.3.1"
    domexception: "npm:^4.0.0"
    escodegen: "npm:^2.0.0"
    form-data: "npm:^4.0.0"
    html-encoding-sniffer: "npm:^3.0.0"
    http-proxy-agent: "npm:^5.0.0"
    https-proxy-agent: "npm:^5.0.0"
    is-potential-custom-element-name: "npm:^1.0.1"
    nwsapi: "npm:^2.2.0"
    parse5: "npm:6.0.1"
    saxes: "npm:^5.0.1"
    symbol-tree: "npm:^3.2.4"
    tough-cookie: "npm:^4.0.0"
    w3c-hr-time: "npm:^1.0.2"
    w3c-xmlserializer: "npm:^3.0.0"
    webidl-conversions: "npm:^7.0.0"
    whatwg-encoding: "npm:^2.0.0"
    whatwg-mimetype: "npm:^3.0.0"
    whatwg-url: "npm:^10.0.0"
    ws: "npm:^8.2.3"
    xml-name-validator: "npm:^4.0.0"
  peerDependencies:
    canvas: ^2.5.0
  peerDependenciesMeta:
    canvas:
      optional: true
  checksum: 10/bbb3dc85822f4b600d9475f40cf28fbab56fc19cb237bf1ce8c66df391f7f0fcaf3fa24f9c2f44bce90f042b15616ca31da5db1d24a688482d9d45d83e7f7e24
  languageName: node
  linkType: hard

"levn@npm:~0.3.0":
  version: 0.3.0
  resolution: "levn@npm:0.3.0"
  dependencies:
    prelude-ls: "npm:~1.1.2"
    type-check: "npm:~0.3.2"
  checksum: 10/e1c3e75b5c430d9aa4c32c83c8a611e4ca53608ca78e3ea3bf6bbd9d017e4776d05d86e27df7901baebd3afa732abede9f26f715b8c1be19e95505c7a3a7b589
  languageName: node
  linkType: hard

"lodash.camelcase@npm:^4.3.0":
  version: 4.3.0
  resolution: "lodash.camelcase@npm:4.3.0"
  checksum: 10/c301cc379310441dc73cd6cebeb91fb254bea74e6ad3027f9346fc43b4174385153df420ffa521654e502fd34c40ef69ca4e7d40ee7129a99e06f306032bfc65
  languageName: node
  linkType: hard

"make-error@npm:^1.1.1":
  version: 1.3.6
  resolution: "make-error@npm:1.3.6"
  checksum: 10/b86e5e0e25f7f777b77fabd8e2cbf15737972869d852a22b7e73c17623928fccb826d8e46b9951501d3f20e51ad74ba8c59ed584f610526a48f8ccf88aaec402
  languageName: node
  linkType: hard

"mime-db@npm:1.51.0":
  version: 1.51.0
  resolution: "mime-db@npm:1.51.0"
  checksum: 10/cd541c90d4d0b5831aa99f41c02d5f5d28d64e8a4a55d88530e26f8cc663968c7d2ba3ee953d563ff87b0c03dfe21eed6e23feec36b92a1cbd0e3c71acc8859c
  languageName: node
  linkType: hard

"mime-types@npm:^2.1.12":
  version: 2.1.34
  resolution: "mime-types@npm:2.1.34"
  dependencies:
    mime-db: "npm:1.51.0"
  checksum: 10/6685d1123ec76b84ddfa0bd0f57e400eeb3caa6a2166f106eb3435b2570f35afe0b5b6f457efe0f63fe87a618f44ec10050a0b0637e1c64a4f20008f49b2effe
  languageName: node
  linkType: hard

"mime@npm:3.0.0":
  version: 3.0.0
  resolution: "mime@npm:3.0.0"
  bin:
    mime: cli.js
  checksum: 10/b2d31580deb58be89adaa1877cbbf152b7604b980fd7ef8f08b9e96bfedf7d605d9c23a8ba62aa12c8580b910cd7c1d27b7331d0f40f7a14e17d5a0bbec3b49f
  languageName: node
  linkType: hard

"minimatch@npm:^3.0.4":
  version: 3.1.2
  resolution: "minimatch@npm:3.1.2"
  dependencies:
    brace-expansion: "npm:^1.1.7"
  checksum: 10/e0b25b04cd4ec6732830344e5739b13f8690f8a012d73445a4a19fbc623f5dd481ef7a5827fde25954cd6026fede7574cc54dc4643c99d6c6b653d6203f94634
  languageName: node
  linkType: hard

"ms@npm:2.1.2":
  version: 2.1.2
  resolution: "ms@npm:2.1.2"
  checksum: 10/673cdb2c3133eb050c745908d8ce632ed2c02d85640e2edb3ace856a2266a813b30c613569bf3354fdf4ea7d1a1494add3bfa95e2713baa27d0c2c71fc44f58f
  languageName: node
  linkType: hard

"nwsapi@npm:^2.2.0":
  version: 2.2.0
  resolution: "nwsapi@npm:2.2.0"
  checksum: 10/d27812654974786b5ddaf3d5834dbcd840d5705f3b594e9b11a6eb67f35349b847111e16c178ad98d327a4de3b98a5b765809d294066e13d9793486d68823a91
  languageName: node
  linkType: hard

"object-inspect@npm:^1.9.0":
  version: 1.12.0
  resolution: "object-inspect@npm:1.12.0"
  checksum: 10/f13b824784749ac2d40d62a4c2a60df13fd57a221968efe1d686565ef71713b56b82e01b57bc2588d6b2ab124c342f130a2d0304c14a79f7fabe01bfa327515b
  languageName: node
  linkType: hard

"once@npm:^1.3.0, once@npm:^1.3.1, once@npm:^1.4.0":
  version: 1.4.0
  resolution: "once@npm:1.4.0"
  dependencies:
    wrappy: "npm:1"
  checksum: 10/cd0a88501333edd640d95f0d2700fbde6bff20b3d4d9bdc521bdd31af0656b5706570d6c6afe532045a20bb8dc0849f8332d6f2a416e0ba6d3d3b98806c7db68
  languageName: node
  linkType: hard

"optionator@npm:^0.8.1":
  version: 0.8.3
  resolution: "optionator@npm:0.8.3"
  dependencies:
    deep-is: "npm:~0.1.3"
    fast-levenshtein: "npm:~2.0.6"
    levn: "npm:~0.3.0"
    prelude-ls: "npm:~1.1.2"
    type-check: "npm:~0.3.2"
    word-wrap: "npm:~1.2.3"
  checksum: 10/6fa3c841b520f10aec45563962922215180e8cfbc59fde3ecd4ba2644ad66ca96bd19ad0e853f22fefcb7fc10e7612a5215b412cc66c5588f9a3138b38f6b5ff
  languageName: node
  linkType: hard

"parse5@npm:6.0.1":
  version: 6.0.1
  resolution: "parse5@npm:6.0.1"
  checksum: 10/dfb110581f62bd1425725a7c784ae022a24669bd0efc24b58c71fc731c4d868193e2ebd85b74cde2dbb965e4dcf07059b1e651adbec1b3b5267531bd132fdb75
  languageName: node
  linkType: hard

"path-is-absolute@npm:^1.0.0":
  version: 1.0.1
  resolution: "path-is-absolute@npm:1.0.1"
  checksum: 10/060840f92cf8effa293bcc1bea81281bd7d363731d214cbe5c227df207c34cd727430f70c6037b5159c8a870b9157cba65e775446b0ab06fd5ecc7e54615a3b8
  languageName: node
  linkType: hard

"pend@npm:~1.2.0":
  version: 1.2.0
  resolution: "pend@npm:1.2.0"
  checksum: 10/6c72f5243303d9c60bd98e6446ba7d30ae29e3d56fdb6fae8767e8ba6386f33ee284c97efe3230a0d0217e2b1723b8ab490b1bbf34fcbb2180dbc8a9de47850d
  languageName: node
  linkType: hard

"playwright-core@npm:1.19.2":
  version: 1.19.2
  resolution: "playwright-core@npm:1.19.2"
  dependencies:
    commander: "npm:8.3.0"
    debug: "npm:4.3.3"
    extract-zip: "npm:2.0.1"
    https-proxy-agent: "npm:5.0.0"
    jpeg-js: "npm:0.4.3"
    mime: "npm:3.0.0"
    pngjs: "npm:6.0.0"
    progress: "npm:2.0.3"
    proper-lockfile: "npm:4.1.2"
    proxy-from-env: "npm:1.1.0"
    rimraf: "npm:3.0.2"
    socks-proxy-agent: "npm:6.1.1"
    stack-utils: "npm:2.0.5"
    ws: "npm:8.4.2"
    yauzl: "npm:2.10.0"
    yazl: "npm:2.5.1"
  bin:
    playwright: cli.js
  checksum: 10/05c614a420940d3a3b8bea9275431057f8afd634e5f0f70d4bcf7bb11de1305a5f860ec14c1520811ed0a6823310b852812d5066db8a553b68a93ef640ee26b4
  languageName: node
  linkType: hard

"playwright@npm:^1.19.2":
  version: 1.19.2
  resolution: "playwright@npm:1.19.2"
  dependencies:
    playwright-core: "npm:1.19.2"
  bin:
    playwright: cli.js
  checksum: 10/42876b247f281f1757c9b322a7eaf34be1c2c736273d6d8e81b35ce21ea75994c42498c809c3f84693c64a28c29a06fe2b985b23a2ae706d7cb2ac38ee869f2e
  languageName: node
  linkType: hard

"pngjs@npm:6.0.0":
  version: 6.0.0
  resolution: "pngjs@npm:6.0.0"
  checksum: 10/692751ccd5e762623103900922caac982caa90258d9c6c04a6e2bc3397b1dedbaf9db826fc0fa068a29d607cad3df1d1eded0dec2ee35a0015c65cb5ef33ad18
  languageName: node
  linkType: hard

"prelude-ls@npm:~1.1.2":
  version: 1.1.2
  resolution: "prelude-ls@npm:1.1.2"
  checksum: 10/946a9f60d3477ca6b7d4c5e8e452ad1b98dc8aaa992cea939a6b926ac16cc4129d7217c79271dc808b5814b1537ad0af37f29a942e2eafbb92cfc5a1c87c38cb
  languageName: node
  linkType: hard

"prettier@npm:^2.5.1":
  version: 2.5.1
  resolution: "prettier@npm:2.5.1"
  bin:
    prettier: bin-prettier.js
  checksum: 10/c8f95df9ebe7241c557ab74237395adfed603719099aaf7cdb9b711c1a7fb7ac809c03fe68c22d0a6c0dbf1c4ab3c6eb90a6cc7bb31e4ea07a4a84fdbbb5c58f
  languageName: node
  linkType: hard

"progress@npm:2.0.3":
  version: 2.0.3
  resolution: "progress@npm:2.0.3"
  checksum: 10/e6f0bcb71f716eee9dfac0fe8a2606e3704d6a64dd93baaf49fbadbc8499989a610fe14cf1bc6f61b6d6653c49408d94f4a94e124538084efd8e4cf525e0293d
  languageName: node
  linkType: hard

"proper-lockfile@npm:4.1.2":
  version: 4.1.2
  resolution: "proper-lockfile@npm:4.1.2"
  dependencies:
    graceful-fs: "npm:^4.2.4"
    retry: "npm:^0.12.0"
    signal-exit: "npm:^3.0.2"
  checksum: 10/000a4875f543f591872b36ca94531af8a6463ddb0174f41c0b004d19e231d7445268b422ff1ea595e43d238655c702250cd3d27f408e7b9d97b56f1533ba26bf
  languageName: node
  linkType: hard

"proxy-from-env@npm:1.1.0":
  version: 1.1.0
  resolution: "proxy-from-env@npm:1.1.0"
  checksum: 10/f0bb4a87cfd18f77bc2fba23ae49c3b378fb35143af16cc478171c623eebe181678f09439707ad80081d340d1593cd54a33a0113f3ccb3f4bc9451488780ee23
  languageName: node
  linkType: hard

"psl@npm:^1.1.33":
  version: 1.8.0
  resolution: "psl@npm:1.8.0"
  checksum: 10/5f62a8eca06cb4a017983d15b92b0d38dc8699d637eabc8cb482c59b4106c9760f59cc8afabcb8bb7b98f0322907680d8f0f59226386fffab5248d180bc04578
  languageName: node
  linkType: hard

"pump@npm:^3.0.0":
  version: 3.0.0
  resolution: "pump@npm:3.0.0"
  dependencies:
    end-of-stream: "npm:^1.1.0"
    once: "npm:^1.3.1"
  checksum: 10/e42e9229fba14732593a718b04cb5e1cfef8254544870997e0ecd9732b189a48e1256e4e5478148ecb47c8511dca2b09eae56b4d0aad8009e6fac8072923cfc9
  languageName: node
  linkType: hard

"punycode@npm:^2.1.1":
  version: 2.1.1
  resolution: "punycode@npm:2.1.1"
  checksum: 10/939daa010c2cacebdb060c40ecb52fef0a739324a66f7fffe0f94353a1ee83e3b455e9032054c4a0c4977b0a28e27086f2171c392832b59a01bd948fd8e20914
  languageName: node
  linkType: hard

"qs@npm:^6.10.3":
  version: 6.10.3
  resolution: "qs@npm:6.10.3"
  dependencies:
    side-channel: "npm:^1.0.4"
  checksum: 10/73d07bfd77f07bec3750dca5e6d165cba0c87ce3e4688bb26e5e462e725ab1289ecdb69164b0b4a4d1b913e2a3ae6b22acbb8b2feb5c8f31bd76f2380f3dc23d
  languageName: node
  linkType: hard

"reduce-flatten@npm:^2.0.0":
  version: 2.0.0
  resolution: "reduce-flatten@npm:2.0.0"
  checksum: 10/64393ef99a16b20692acfd60982d7fdbd7ff8d9f8f185c6023466444c6dd2abb929d67717a83cec7f7f8fb5f46a25d515b3b2bf2238fdbfcdbfd01d2a9e73cb8
  languageName: node
  linkType: hard

"retry@npm:^0.12.0":
  version: 0.12.0
  resolution: "retry@npm:0.12.0"
  checksum: 10/1f914879f97e7ee931ad05fe3afa629bd55270fc6cf1c1e589b6a99fab96d15daad0fa1a52a00c729ec0078045fe3e399bd4fd0c93bcc906957bdc17f89cb8e6
  languageName: node
  linkType: hard

"rimraf@npm:3.0.2":
  version: 3.0.2
  resolution: "rimraf@npm:3.0.2"
  dependencies:
    glob: "npm:^7.1.3"
  bin:
    rimraf: bin.js
  checksum: 10/063ffaccaaaca2cfd0ef3beafb12d6a03dd7ff1260d752d62a6077b5dfff6ae81bea571f655bb6b589d366930ec1bdd285d40d560c0dae9b12f125e54eb743d5
  languageName: node
  linkType: hard

"safer-buffer@npm:>= 2.1.2 < 3.0.0":
  version: 2.1.2
  resolution: "safer-buffer@npm:2.1.2"
  checksum: 10/7eaf7a0cf37cc27b42fb3ef6a9b1df6e93a1c6d98c6c6702b02fe262d5fcbd89db63320793b99b21cb5348097d0a53de81bd5f4e8b86e20cc9412e3f1cfb4e83
  languageName: node
  linkType: hard

"saxes@npm:^5.0.1":
  version: 5.0.1
  resolution: "saxes@npm:5.0.1"
  dependencies:
    xmlchars: "npm:^2.2.0"
  checksum: 10/148b5f98fdd45df25fa1abef35d72cdf6457ac5aef3b7d59d60f770af09d8cf6e7e3a074197071222441d68670fd3198590aba9985e37c4738af2df2f44d0686
  languageName: node
  linkType: hard

"side-channel@npm:^1.0.4":
  version: 1.0.4
  resolution: "side-channel@npm:1.0.4"
  dependencies:
    call-bind: "npm:^1.0.0"
    get-intrinsic: "npm:^1.0.2"
    object-inspect: "npm:^1.9.0"
  checksum: 10/c4998d9fc530b0e75a7fd791ad868fdc42846f072734f9080ff55cc8dc7d3899abcda24fd896aa6648c3ab7021b4bb478073eb4f44dfd55bce9714bc1a7c5d45
  languageName: node
  linkType: hard

"signal-exit@npm:^3.0.2":
  version: 3.0.7
  resolution: "signal-exit@npm:3.0.7"
  checksum: 10/a2f098f247adc367dffc27845853e9959b9e88b01cb301658cfe4194352d8d2bb32e18467c786a7fe15f1d44b233ea35633d076d5e737870b7139949d1ab6318
  languageName: node
  linkType: hard

"smart-buffer@npm:^4.2.0":
  version: 4.2.0
  resolution: "smart-buffer@npm:4.2.0"
  checksum: 10/927484aa0b1640fd9473cee3e0a0bcad6fce93fd7bbc18bac9ad0c33686f5d2e2c422fba24b5899c184524af01e11dd2bd051c2bf2b07e47aff8ca72cbfc60d2
  languageName: node
  linkType: hard

"socks-proxy-agent@npm:6.1.1":
  version: 6.1.1
  resolution: "socks-proxy-agent@npm:6.1.1"
  dependencies:
    agent-base: "npm:^6.0.2"
    debug: "npm:^4.3.1"
    socks: "npm:^2.6.1"
  checksum: 10/53fb7d34bf3e5ed9cf4de73bf5c18b351d75c4a8757a0c0e384c2a7c86adf688e5f5e8f72eee7bc6c01ff619458f621ccf9d172bc986adb05f10fa0c9599c39e
  languageName: node
  linkType: hard

"socks@npm:^2.6.1":
  version: 2.6.2
  resolution: "socks@npm:2.6.2"
  dependencies:
    ip: "npm:^1.1.5"
    smart-buffer: "npm:^4.2.0"
  checksum: 10/820232ddaeb847ef33312c429fb51aae03e1b774917f189ef491048bb4c4d7742924064f72d7730e3aa08a3ddb6cc2bdcd5949d34c35597e4f6a66eefd994f14
  languageName: node
  linkType: hard

"source-map@npm:~0.6.1":
  version: 0.6.1
  resolution: "source-map@npm:0.6.1"
  checksum: 10/59ef7462f1c29d502b3057e822cdbdae0b0e565302c4dd1a95e11e793d8d9d62006cdc10e0fd99163ca33ff2071360cf50ee13f90440806e7ed57d81cba2f7ff
  languageName: node
  linkType: hard

"stack-utils@npm:2.0.5":
  version: 2.0.5
  resolution: "stack-utils@npm:2.0.5"
  dependencies:
    escape-string-regexp: "npm:^2.0.0"
  checksum: 10/a6d64e5dd24d321289ebefdff2e210ece75fdf20dbcdb702b86da1f7b730743fae3e9337adae4a5cc00d4970d748ff758387df3ea7c71c45b466c43c7359bc00
  languageName: node
  linkType: hard

"supports-color@npm:^5.3.0":
  version: 5.5.0
  resolution: "supports-color@npm:5.5.0"
  dependencies:
    has-flag: "npm:^3.0.0"
  checksum: 10/5f505c6fa3c6e05873b43af096ddeb22159831597649881aeb8572d6fe3b81e798cc10840d0c9735e0026b250368851b7f77b65e84f4e4daa820a4f69947f55b
  languageName: node
  linkType: hard

"symbol-tree@npm:^3.2.4":
  version: 3.2.4
  resolution: "symbol-tree@npm:3.2.4"
  checksum: 10/c09a00aadf279d47d0c5c46ca3b6b2fbaeb45f0a184976d599637d412d3a70bbdc043ff33effe1206dea0e36e0ad226cb957112e7ce9a4bf2daedf7fa4f85c53
  languageName: node
  linkType: hard

"table-layout@npm:^1.0.1":
  version: 1.0.2
  resolution: "table-layout@npm:1.0.2"
  dependencies:
    array-back: "npm:^4.0.1"
    deep-extend: "npm:~0.6.0"
    typical: "npm:^5.2.0"
    wordwrapjs: "npm:^4.0.0"
  checksum: 10/5dd12bc64ddf246f774fc51b45398dd8da900b7bb246595c84007ea292c15936264701660b80704be17da5d4066a9a250549418c40a2b635a0916c9294b103af
  languageName: node
  linkType: hard

"tough-cookie@npm:^4.0.0":
  version: 4.0.0
  resolution: "tough-cookie@npm:4.0.0"
  dependencies:
    psl: "npm:^1.1.33"
    punycode: "npm:^2.1.1"
    universalify: "npm:^0.1.2"
  checksum: 10/1c9764cbe14f14b6d1a1c1985ca38e04cccdbb8436c00837b27dd7106234a94057849606590a7301bd97faf3b309208b25e2a4f10091d4340526dc5e4ffa1b91
  languageName: node
  linkType: hard

"tr46@npm:^3.0.0":
  version: 3.0.0
  resolution: "tr46@npm:3.0.0"
  dependencies:
    punycode: "npm:^2.1.1"
  checksum: 10/b09a15886cbfaee419a3469081223489051ce9dca3374dd9500d2378adedbee84a3c73f83bfdd6bb13d53657753fc0d4e20a46bfcd3f1b9057ef528426ad7ce4
  languageName: node
  linkType: hard

"ts-node@npm:^10.7.0":
  version: 10.7.0
  resolution: "ts-node@npm:10.7.0"
  dependencies:
    "@cspotcode/source-map-support": "npm:0.7.0"
    "@tsconfig/node10": "npm:^1.0.7"
    "@tsconfig/node12": "npm:^1.0.7"
    "@tsconfig/node14": "npm:^1.0.0"
    "@tsconfig/node16": "npm:^1.0.2"
    acorn: "npm:^8.4.1"
    acorn-walk: "npm:^8.1.1"
    arg: "npm:^4.1.0"
    create-require: "npm:^1.1.0"
    diff: "npm:^4.0.1"
    make-error: "npm:^1.1.1"
    v8-compile-cache-lib: "npm:^3.0.0"
    yn: "npm:3.1.1"
  peerDependencies:
    "@swc/core": ">=1.2.50"
    "@swc/wasm": ">=1.2.50"
    "@types/node": "*"
    typescript: ">=2.7"
  peerDependenciesMeta:
    "@swc/core":
      optional: true
    "@swc/wasm":
      optional: true
  bin:
    ts-node: dist/bin.js
    ts-node-cwd: dist/bin-cwd.js
    ts-node-esm: dist/bin-esm.js
    ts-node-script: dist/bin-script.js
    ts-node-transpile-only: dist/bin-transpile.js
    ts-script: dist/bin-script-deprecated.js
  checksum: 10/5c2b3a43ea3c4071a256f255c9b6ec42996108aa7ed7a52be6c25b117907b6035bf0896af63f7866e8ba9fa618937ff61a35d41f4c91fa02b85812705293fdff
  languageName: node
  linkType: hard

"type-check@npm:~0.3.2":
  version: 0.3.2
  resolution: "type-check@npm:0.3.2"
  dependencies:
    prelude-ls: "npm:~1.1.2"
  checksum: 10/11dec0b50d7c3fd2e630b4b074ba36918ed2b1efbc87dfbd40ba9429d49c58d12dad5c415ece69fcf358fa083f33466fc370f23ab91aa63295c45d38b3a60dda
  languageName: node
  linkType: hard

"typescript@npm:^4.6.2":
  version: 4.6.2
  resolution: "typescript@npm:4.6.2"
  bin:
    tsc: bin/tsc
    tsserver: bin/tsserver
  checksum: 10/73e8a8af8a571453a80c8f3988afacf87541b6c0d532dd9a1621d0c7f73257edb2aac0687ef74068aaef892c34d8437be3d7d246469ea5970c7e3fa7205fb103
  languageName: node
  linkType: hard

"typescript@patch:typescript@npm%3A^4.6.2#optional!builtin<compat/typescript>":
  version: 4.6.2
  resolution: "typescript@patch:typescript@npm%3A4.6.2#optional!builtin<compat/typescript>::version=4.6.2&hash=5d3a66"
  bin:
    tsc: bin/tsc
    tsserver: bin/tsserver
  checksum: 10/1c428da62dc033ebf318100764be08ac6fb389b3d5b4bd288763f99a37eb1fa7d81325b92ba4969722558a227b253ad756fe8f051966daf8db9b5d0193afc96c
  languageName: node
  linkType: hard

"typical@npm:^4.0.0":
  version: 4.0.0
  resolution: "typical@npm:4.0.0"
  checksum: 10/aefe2c24b025cda22534ae2594df4a1df5db05b5fe3692890fd51db741ca4f18937a149f968b8d56d9a7b0756e7cd8843b1907bea21987ff4a06619c54d5a575
  languageName: node
  linkType: hard

"typical@npm:^5.2.0":
  version: 5.2.0
  resolution: "typical@npm:5.2.0"
  checksum: 10/fd8e4197cb2e021ca6d11fea0018ee219c29bf4160ab613492f74c0e21806003d1cd92a15088b111778a7b5c6432e4e28321899785a86980b390b87c4010efe5
  languageName: node
  linkType: hard

"universalify@npm:^0.1.2":
  version: 0.1.2
  resolution: "universalify@npm:0.1.2"
  checksum: 10/40cdc60f6e61070fe658ca36016a8f4ec216b29bf04a55dce14e3710cc84c7448538ef4dad3728d0bfe29975ccd7bfb5f414c45e7b78883567fb31b246f02dff
  languageName: node
  linkType: hard

"v8-compile-cache-lib@npm:^3.0.0":
  version: 3.0.0
  resolution: "v8-compile-cache-lib@npm:3.0.0"
  checksum: 10/90cfbe591c47e0b69c3ddf6b224dd3cfd4e00e67aedd71c35896d5edf72312410cf223230048176a93d6621c78c00e38b9f62edbe125b2454484a84f3092f7e7
  languageName: node
  linkType: hard

"w3c-hr-time@npm:^1.0.2":
  version: 1.0.2
  resolution: "w3c-hr-time@npm:1.0.2"
  dependencies:
    browser-process-hrtime: "npm:^1.0.0"
  checksum: 10/03851d90c236837c24c2983f5a8806a837c6515b21d52e5f29776b07cc08695779303d481454d768308489f00dd9d3232d595acaa5b2686d199465a4d9f7b283
  languageName: node
  linkType: hard

"w3c-xmlserializer@npm:^3.0.0":
  version: 3.0.0
  resolution: "w3c-xmlserializer@npm:3.0.0"
  dependencies:
    xml-name-validator: "npm:^4.0.0"
  checksum: 10/b4d73e20be283cc9975573a88979d15c08daa9c00911f8c777ef2af74eea11ba635fec18647ff0374ce880ec32ae573d17bd0f787053fc3085a530345b2feab6
  languageName: node
  linkType: hard

"webidl-conversions@npm:^7.0.0":
  version: 7.0.0
  resolution: "webidl-conversions@npm:7.0.0"
  checksum: 10/4c4f65472c010eddbe648c11b977d048dd96956a625f7f8b9d64e1b30c3c1f23ea1acfd654648426ce5c743c2108a5a757c0592f02902cf7367adb7d14e67721
  languageName: node
  linkType: hard

"whatwg-encoding@npm:^2.0.0":
  version: 2.0.0
  resolution: "whatwg-encoding@npm:2.0.0"
  dependencies:
    iconv-lite: "npm:0.6.3"
  checksum: 10/162d712d88fd134a4fe587e53302da812eb4215a1baa4c394dfd86eff31d0a079ff932c05233857997de07481093358d6e7587997358f49b8a580a777be22089
  languageName: node
  linkType: hard

"whatwg-mimetype@npm:^3.0.0":
  version: 3.0.0
  resolution: "whatwg-mimetype@npm:3.0.0"
  checksum: 10/96f9f628c663c2ae05412c185ca81b3df54bcb921ab52fe9ebc0081c1720f25d770665401eb2338ab7f48c71568133845638e18a81ed52ab5d4dcef7d22b40ef
  languageName: node
  linkType: hard

"whatwg-url@npm:^10.0.0":
  version: 10.0.0
  resolution: "whatwg-url@npm:10.0.0"
  dependencies:
    tr46: "npm:^3.0.0"
    webidl-conversions: "npm:^7.0.0"
  checksum: 10/3eb069ea73ef83f73effa585be1fd7c99be1d82d1bed8487cd68160e7981a4810dd8fa5f12f7e2732ae15f9975d2efa64c4ea001a8d31bd2de4d842342bdf8fc
  languageName: node
  linkType: hard

"word-wrap@npm:~1.2.3":
  version: 1.2.3
  resolution: "word-wrap@npm:1.2.3"
  checksum: 10/08a677e1578b9cc367a03d52bc51b6869fec06303f68d29439e4ed647257411f857469990c31066c1874678937dac737c9f8f20d3fd59918fb86b7d926a76b15
  languageName: node
  linkType: hard

"wordwrapjs@npm:^4.0.0":
  version: 4.0.1
  resolution: "wordwrapjs@npm:4.0.1"
  dependencies:
    reduce-flatten: "npm:^2.0.0"
    typical: "npm:^5.2.0"
  checksum: 10/4182c48c9d3eab0932fb9f9f202e3f1d4d28ff6db3fd2e1654ec8606677d8e0ab80110f0f8e2e236ee2b52631cbc5fccf3097e9287e3ace20cbc1613a784befc
  languageName: node
  linkType: hard

"wrappy@npm:1":
  version: 1.0.2
  resolution: "wrappy@npm:1.0.2"
  checksum: 10/159da4805f7e84a3d003d8841557196034155008f817172d4e986bd591f74aa82aa7db55929a54222309e01079a65a92a9e6414da5a6aa4b01ee44a511ac3ee5
  languageName: node
  linkType: hard

"ws@npm:8.4.2":
  version: 8.4.2
  resolution: "ws@npm:8.4.2"
  peerDependencies:
    bufferutil: ^4.0.1
    utf-8-validate: ^5.0.2
  peerDependenciesMeta:
    bufferutil:
      optional: true
    utf-8-validate:
      optional: true
  checksum: 10/ca0edfdc5a85684658b87addf93c47267078bcf57efa02d1d1dfe038e610edf74b3a2f055989d8a64e90ea8379f96e9384f27b0f5ca489c44028aa021c8b4c29
  languageName: node
  linkType: hard

"ws@npm:^8.2.3":
  version: 8.5.0
  resolution: "ws@npm:8.5.0"
  peerDependencies:
    bufferutil: ^4.0.1
    utf-8-validate: ^5.0.2
  peerDependenciesMeta:
    bufferutil:
      optional: true
    utf-8-validate:
      optional: true
  checksum: 10/f0ee700970a0bf925b1ec213ca3691e84fb8b435a91461fe3caf52f58c6cec57c99ed5890fbf6978824c932641932019aafc55d864cad38ac32577496efd5d3a
  languageName: node
  linkType: hard

"xml-name-validator@npm:^4.0.0":
  version: 4.0.0
  resolution: "xml-name-validator@npm:4.0.0"
  checksum: 10/f9582a3f281f790344a471c207516e29e293c6041b2c20d84dd6e58832cd7c19796c47e108fd4fd4b164a5e72ad94f2268f8ace8231cde4a2c6428d6aa220f92
  languageName: node
  linkType: hard

"xmlchars@npm:^2.2.0":
  version: 2.2.0
  resolution: "xmlchars@npm:2.2.0"
  checksum: 10/4ad5924974efd004a47cce6acf5c0269aee0e62f9a805a426db3337af7bcbd331099df174b024ace4fb18971b8a56de386d2e73a1c4b020e3abd63a4a9b917f1
  languageName: node
  linkType: hard

"yauzl@npm:2.10.0, yauzl@npm:^2.10.0":
  version: 2.10.0
  resolution: "yauzl@npm:2.10.0"
  dependencies:
    buffer-crc32: "npm:~0.2.3"
    fd-slicer: "npm:~1.1.0"
  checksum: 10/1e4c311050dc0cf2ee3dbe8854fe0a6cde50e420b3e561a8d97042526b4cf7a0718d6c8d89e9e526a152f4a9cec55bcea9c3617264115f48bd6704cf12a04445
  languageName: node
  linkType: hard

"yazl@npm:2.5.1":
  version: 2.5.1
  resolution: "yazl@npm:2.5.1"
  dependencies:
    buffer-crc32: "npm:~0.2.3"
  checksum: 10/498ea4c6bca26130608c44db166e2f63b3437b94b7ad020ca0c161268d29517e8517146e91e51b78da100ad62feadc1a1a85aaa94aab0b2dc29b355ec75bc8f0
  languageName: node
  linkType: hard

"yn@npm:3.1.1":
  version: 3.1.1
  resolution: "yn@npm:3.1.1"
  checksum: 10/2c487b0e149e746ef48cda9f8bad10fc83693cd69d7f9dcd8be4214e985de33a29c9e24f3c0d6bcf2288427040a8947406ab27f7af67ee9456e6b84854f02dd6
  languageName: node
  linkType: hard
